// !$*UTF8*$!
{
	archiveVersion = 1;
	classes = {
	};
	objectVersion = 50;
	objects = {

/* Begin PBXBuildFile section */
		5292E29C18A01D56A757542E /* Pods_MyInsight_SwiftTests.framework in Frameworks */ = {isa = PBXBuildFile; fileRef = 6B695D4DDBCB11B8FBCA2795 /* Pods_MyInsight_SwiftTests.framework */; };
		54F0EEDE1BBD82A319DED67B /* Pods_MyInsight_Swift.framework in Frameworks */ = {isa = PBXBuildFile; fileRef = 509CB801DC923C2371A0BBEC /* Pods_MyInsight_Swift.framework */; };
		959EE1C5FEB44C844968DD51 /* Pods_MyInsight_SwiftUITests.framework in Frameworks */ = {isa = PBXBuildFile; fileRef = ADB4EA70B82CF0E7F97618C5 /* Pods_MyInsight_SwiftUITests.framework */; };
		A21C29D72250E75B00B401DE /* GRDBVC.swift in Sources */ = {isa = PBXBuildFile; fileRef = A21C29D62250E75B00B401DE /* GRDBVC.swift */; };
		A22F3EB12281B554007CE92C /* DataCryptoAES.swift in Sources */ = {isa = PBXBuildFile; fileRef = A22F3EB02281B554007CE92C /* DataCryptoAES.swift */; };
		A241BF8320FC78860099E8A5 /* MyInsight_SwiftTests.swift in Sources */ = {isa = PBXBuildFile; fileRef = A241BF8220FC78860099E8A5 /* MyInsight_SwiftTests.swift */; };
		A241BF8E20FC78860099E8A5 /* MyInsight_SwiftUITests.swift in Sources */ = {isa = PBXBuildFile; fileRef = A241BF8D20FC78860099E8A5 /* MyInsight_SwiftUITests.swift */; };
		A262CB562160C4B90050D6BC /* Vendors.swift in Sources */ = {isa = PBXBuildFile; fileRef = A262CB552160C4B90050D6BC /* Vendors.swift */; };
		A262CC242160D0C40050D6BC /* MarkDownBlogVC.swift in Sources */ = {isa = PBXBuildFile; fileRef = A262CC232160D0C40050D6BC /* MarkDownBlogVC.swift */; };
		A262CC262160D10E0050D6BC /* BlogListVC.swift in Sources */ = {isa = PBXBuildFile; fileRef = A262CC252160D10E0050D6BC /* BlogListVC.swift */; };
		A262CC282160DBDD0050D6BC /* BaseVC.swift in Sources */ = {isa = PBXBuildFile; fileRef = A262CC272160DBDD0050D6BC /* BaseVC.swift */; };
		A262CC36216104520050D6BC /* index.html in Resources */ = {isa = PBXBuildFile; fileRef = A262CC32216104520050D6BC /* index.html */; };
		A262CC37216104520050D6BC /* MarkdownView.swift in Sources */ = {isa = PBXBuildFile; fileRef = A262CC33216104520050D6BC /* MarkdownView.swift */; };
		A262CC38216104520050D6BC /* main.css in Resources */ = {isa = PBXBuildFile; fileRef = A262CC34216104520050D6BC /* main.css */; };
		A262CC39216104520050D6BC /* main.js in Resources */ = {isa = PBXBuildFile; fileRef = A262CC35216104520050D6BC /* main.js */; };
		A262CC4421646F620050D6BC /* MyBlogVC.swift in Sources */ = {isa = PBXBuildFile; fileRef = A262CC4321646F620050D6BC /* MyBlogVC.swift */; };
		A27469B7216C63F00059E2C9 /* RunTimeVC.swift in Sources */ = {isa = PBXBuildFile; fileRef = A27469B6216C63F00059E2C9 /* RunTimeVC.swift */; };
		A27469B9216C7A920059E2C9 /* ClosureVC.swift in Sources */ = {isa = PBXBuildFile; fileRef = A27469B8216C7A920059E2C9 /* ClosureVC.swift */; };
		A2930B612104A08E006520FF /* Main.storyboard in Resources */ = {isa = PBXBuildFile; fileRef = A2930B552104A08E006520FF /* Main.storyboard */; };
		A2930B622104A08E006520FF /* LaunchScreen.storyboard in Resources */ = {isa = PBXBuildFile; fileRef = A2930B572104A08E006520FF /* LaunchScreen.storyboard */; };
		A2930B632104A08E006520FF /* Assets.xcassets in Resources */ = {isa = PBXBuildFile; fileRef = A2930B582104A08E006520FF /* Assets.xcassets */; };
		A2930B642104A08E006520FF /* AppDelegate.swift in Sources */ = {isa = PBXBuildFile; fileRef = A2930B592104A08E006520FF /* AppDelegate.swift */; };
		A2930B6B2104AFBB006520FF /* MainRevealVC.swift in Sources */ = {isa = PBXBuildFile; fileRef = A2930B6A2104AFBB006520FF /* MainRevealVC.swift */; };
		A2930B6D2104B00A006520FF /* RearRevealVC.swift in Sources */ = {isa = PBXBuildFile; fileRef = A2930B6C2104B00A006520FF /* RearRevealVC.swift */; };
		A2930B6F2104B01D006520FF /* RightRevealVC.swift in Sources */ = {isa = PBXBuildFile; fileRef = A2930B6E2104B01D006520FF /* RightRevealVC.swift */; };
		A2930B712104B068006520FF /* WelcomeVC.swift in Sources */ = {isa = PBXBuildFile; fileRef = A2930B702104B068006520FF /* WelcomeVC.swift */; };
		A2930B732104B0BE006520FF /* TabBarVC.swift in Sources */ = {isa = PBXBuildFile; fileRef = A2930B722104B0BD006520FF /* TabBarVC.swift */; };
		A2930B792104B171006520FF /* OtherVC.swift in Sources */ = {isa = PBXBuildFile; fileRef = A2930B782104B171006520FF /* OtherVC.swift */; };
		A2930B7B2104B181006520FF /* SeniorVC.swift in Sources */ = {isa = PBXBuildFile; fileRef = A2930B7A2104B181006520FF /* SeniorVC.swift */; };
		A2930B7D2104B192006520FF /* AdvanceVC.swift in Sources */ = {isa = PBXBuildFile; fileRef = A2930B7C2104B192006520FF /* AdvanceVC.swift */; };
		A2930B7F2104B19F006520FF /* BasicVC.swift in Sources */ = {isa = PBXBuildFile; fileRef = A2930B7E2104B19F006520FF /* BasicVC.swift */; };
		A2930B812104B1D1006520FF /* CommonTool.swift in Sources */ = {isa = PBXBuildFile; fileRef = A2930B802104B1D1006520FF /* CommonTool.swift */; };
		A2930B852105FF94006520FF /* RealmStore.swift in Sources */ = {isa = PBXBuildFile; fileRef = A2930B842105FF94006520FF /* RealmStore.swift */; };
		A2F8F0A2221EF0BF003F2945 /* AQRecorder.m in Sources */ = {isa = PBXBuildFile; fileRef = A2F8F0A1221EF0BF003F2945 /* AQRecorder.m */; };
		A2F8F0A522216812003F2945 /* MLRecorder.mm in Sources */ = {isa = PBXBuildFile; fileRef = A2F8F0A422216812003F2945 /* MLRecorder.mm */; settings = {COMPILER_FLAGS = "-fno-objc-arc"; }; };
		A2F8F0AE2222D14A003F2945 /* XDXRecoder.mm in Sources */ = {isa = PBXBuildFile; fileRef = A2F8F0AD2222D149003F2945 /* XDXRecoder.mm */; settings = {COMPILER_FLAGS = "-fno-objc-arc"; }; };
		E20CDF31223121A0002FA919 /* UnZipFileVC.swift in Sources */ = {isa = PBXBuildFile; fileRef = E20CDF30223121A0002FA919 /* UnZipFileVC.swift */; };
		E20CDF372231378A002FA919 /* SimplePing.m in Sources */ = {isa = PBXBuildFile; fileRef = E20CDF362231378A002FA919 /* SimplePing.m */; };
		E20CDF392231383C002FA919 /* PingReachabilityVC.swift in Sources */ = {isa = PBXBuildFile; fileRef = E20CDF382231383C002FA919 /* PingReachabilityVC.swift */; };
		E20E765222C301C800107BAA /* GCDGroupVC.swift in Sources */ = {isa = PBXBuildFile; fileRef = E20E765122C301C800107BAA /* GCDGroupVC.swift */; };
		E20F180C222FD20C00ECF51C /* AppBackgroundService.swift in Sources */ = {isa = PBXBuildFile; fileRef = E20F180B222FD20C00ECF51C /* AppBackgroundService.swift */; };
		E210313621EC5A12006E6ED1 /* CameraFaceVC.swift in Sources */ = {isa = PBXBuildFile; fileRef = E210313521EC5A12006E6ED1 /* CameraFaceVC.swift */; };
		E2131630225AFEAF0058674B /* CryptoAESVC.swift in Sources */ = {isa = PBXBuildFile; fileRef = E213162F225AFEAF0058674B /* CryptoAESVC.swift */; };
		E215DF0222321FEE00FF39EE /* weex_lan.zip in Resources */ = {isa = PBXBuildFile; fileRef = E215DF0122321FED00FF39EE /* weex_lan.zip */; };
		E2183AA922363D7A00823240 /* LanAlamoFireVC.swift in Sources */ = {isa = PBXBuildFile; fileRef = E2183AA822363D7A00823240 /* LanAlamoFireVC.swift */; };
		E220D106221F8C2B00C0F10B /* AQCapture.m in Sources */ = {isa = PBXBuildFile; fileRef = E220D105221F8C2B00C0F10B /* AQCapture.m */; };
		E220D109221F94D900C0F10B /* EYRecord.m in Sources */ = {isa = PBXBuildFile; fileRef = E220D108221F94D900C0F10B /* EYRecord.m */; };
		E220D10E221F99FC00C0F10B /* JWAudioRecode.m in Sources */ = {isa = PBXBuildFile; fileRef = E220D10A221F99FB00C0F10B /* JWAudioRecode.m */; };
		E220D10F221F99FC00C0F10B /* AudioUnitRecord.m in Sources */ = {isa = PBXBuildFile; fileRef = E220D10B221F99FB00C0F10B /* AudioUnitRecord.m */; };
		E220D112221FCBC900C0F10B /* QueuePlayer.m in Sources */ = {isa = PBXBuildFile; fileRef = E220D111221FCBC900C0F10B /* QueuePlayer.m */; };
		E22D6A6F23137FB000537DA7 /* DatePickerVC.swift in Sources */ = {isa = PBXBuildFile; fileRef = E22D6A6E23137FB000537DA7 /* DatePickerVC.swift */; };
		E22D6A7123137FC700537DA7 /* TimePickerVC.swift in Sources */ = {isa = PBXBuildFile; fileRef = E22D6A7023137FC700537DA7 /* TimePickerVC.swift */; };
		E23A5EFB22D5CD5D001F0AE7 /* WifiInfoVC.swift in Sources */ = {isa = PBXBuildFile; fileRef = E23A5EFA22D5CD5D001F0AE7 /* WifiInfoVC.swift */; };
		E2781A8321E8871C00AA2E05 /* VideoCaptureVC.swift in Sources */ = {isa = PBXBuildFile; fileRef = E2781A8221E8871C00AA2E05 /* VideoCaptureVC.swift */; };
		E283B81222367DB400568C9D /* PDFLoaderVC.swift in Sources */ = {isa = PBXBuildFile; fileRef = E283B81122367DB400568C9D /* PDFLoaderVC.swift */; };
		E290ED8C22E6D82F00BFF002 /* WeexModule.m in Sources */ = {isa = PBXBuildFile; fileRef = E290ED8B22E6D82F00BFF002 /* WeexModule.m */; };
		E291C2F422CC89AB0022603D /* LoadGifVC.swift in Sources */ = {isa = PBXBuildFile; fileRef = E291C2F322CC89AB0022603D /* LoadGifVC.swift */; };
		E2A1D715221D64CB0085B0A3 /* AudioRecordVC.swift in Sources */ = {isa = PBXBuildFile; fileRef = E2A1D714221D64CB0085B0A3 /* AudioRecordVC.swift */; };
		E2A5E605218853EE0081B454 /* Model.swift in Sources */ = {isa = PBXBuildFile; fileRef = E2A5E604218853EE0081B454 /* Model.swift */; };
		E2AF7064227703DD00451729 /* DataCrypto.swift in Sources */ = {isa = PBXBuildFile; fileRef = E2AF7063227703DD00451729 /* DataCrypto.swift */; };
/* End PBXBuildFile section */

/* Begin PBXContainerItemProxy section */
		A241BF7F20FC78860099E8A5 /* PBXContainerItemProxy */ = {
			isa = PBXContainerItemProxy;
			containerPortal = A241BF6220FC78840099E8A5 /* Project object */;
			proxyType = 1;
			remoteGlobalIDString = A241BF6920FC78840099E8A5;
			remoteInfo = MyInsight_Swift;
		};
		A241BF8A20FC78860099E8A5 /* PBXContainerItemProxy */ = {
			isa = PBXContainerItemProxy;
			containerPortal = A241BF6220FC78840099E8A5 /* Project object */;
			proxyType = 1;
			remoteGlobalIDString = A241BF6920FC78840099E8A5;
			remoteInfo = MyInsight_Swift;
		};
/* End PBXContainerItemProxy section */

/* Begin PBXCopyFilesBuildPhase section */
		E2FE9A5521A0124200CFDBC9 /* Embed Frameworks */ = {
			isa = PBXCopyFilesBuildPhase;
			buildActionMask = 2147483647;
			dstPath = "";
			dstSubfolderSpec = 10;
			files = (
			);
			name = "Embed Frameworks";
			runOnlyForDeploymentPostprocessing = 0;
		};
/* End PBXCopyFilesBuildPhase section */

/* Begin PBXFileReference section */
		1E6415C830F6854F3DABE9D2 /* Pods-MyInsight_Swift.release.xcconfig */ = {isa = PBXFileReference; includeInIndex = 1; lastKnownFileType = text.xcconfig; name = "Pods-MyInsight_Swift.release.xcconfig"; path = "Pods/Target Support Files/Pods-MyInsight_Swift/Pods-MyInsight_Swift.release.xcconfig"; sourceTree = "<group>"; };
		36525EF22A36FBEFFB360D5E /* Pods-MyInsight_SwiftTests.debug.xcconfig */ = {isa = PBXFileReference; includeInIndex = 1; lastKnownFileType = text.xcconfig; name = "Pods-MyInsight_SwiftTests.debug.xcconfig"; path = "Pods/Target Support Files/Pods-MyInsight_SwiftTests/Pods-MyInsight_SwiftTests.debug.xcconfig"; sourceTree = "<group>"; };
		4714283B2CB4E060EE7E4350 /* Pods-MyInsight_Swift.debug.xcconfig */ = {isa = PBXFileReference; includeInIndex = 1; lastKnownFileType = text.xcconfig; name = "Pods-MyInsight_Swift.debug.xcconfig"; path = "Pods/Target Support Files/Pods-MyInsight_Swift/Pods-MyInsight_Swift.debug.xcconfig"; sourceTree = "<group>"; };
		509CB801DC923C2371A0BBEC /* Pods_MyInsight_Swift.framework */ = {isa = PBXFileReference; explicitFileType = wrapper.framework; includeInIndex = 0; path = Pods_MyInsight_Swift.framework; sourceTree = BUILT_PRODUCTS_DIR; };
		6B695D4DDBCB11B8FBCA2795 /* Pods_MyInsight_SwiftTests.framework */ = {isa = PBXFileReference; explicitFileType = wrapper.framework; includeInIndex = 0; path = Pods_MyInsight_SwiftTests.framework; sourceTree = BUILT_PRODUCTS_DIR; };
		A21C29D62250E75B00B401DE /* GRDBVC.swift */ = {isa = PBXFileReference; lastKnownFileType = sourcecode.swift; path = GRDBVC.swift; sourceTree = "<group>"; };
		A22F3EB02281B554007CE92C /* DataCryptoAES.swift */ = {isa = PBXFileReference; lastKnownFileType = sourcecode.swift; path = DataCryptoAES.swift; sourceTree = "<group>"; };
		A241BF6A20FC78840099E8A5 /* MyInsight_Swift.app */ = {isa = PBXFileReference; explicitFileType = wrapper.application; includeInIndex = 0; path = MyInsight_Swift.app; sourceTree = BUILT_PRODUCTS_DIR; };
		A241BF7E20FC78860099E8A5 /* MyInsight_SwiftTests.xctest */ = {isa = PBXFileReference; explicitFileType = wrapper.cfbundle; includeInIndex = 0; path = MyInsight_SwiftTests.xctest; sourceTree = BUILT_PRODUCTS_DIR; };
		A241BF8220FC78860099E8A5 /* MyInsight_SwiftTests.swift */ = {isa = PBXFileReference; lastKnownFileType = sourcecode.swift; path = MyInsight_SwiftTests.swift; sourceTree = "<group>"; };
		A241BF8420FC78860099E8A5 /* Info.plist */ = {isa = PBXFileReference; lastKnownFileType = text.plist.xml; path = Info.plist; sourceTree = "<group>"; };
		A241BF8920FC78860099E8A5 /* MyInsight_SwiftUITests.xctest */ = {isa = PBXFileReference; explicitFileType = wrapper.cfbundle; includeInIndex = 0; path = MyInsight_SwiftUITests.xctest; sourceTree = BUILT_PRODUCTS_DIR; };
		A241BF8D20FC78860099E8A5 /* MyInsight_SwiftUITests.swift */ = {isa = PBXFileReference; lastKnownFileType = sourcecode.swift; path = MyInsight_SwiftUITests.swift; sourceTree = "<group>"; };
		A241BF8F20FC78860099E8A5 /* Info.plist */ = {isa = PBXFileReference; lastKnownFileType = text.plist.xml; path = Info.plist; sourceTree = "<group>"; };
		A262CB552160C4B90050D6BC /* Vendors.swift */ = {isa = PBXFileReference; lastKnownFileType = sourcecode.swift; path = Vendors.swift; sourceTree = "<group>"; };
		A262CC232160D0C40050D6BC /* MarkDownBlogVC.swift */ = {isa = PBXFileReference; lastKnownFileType = sourcecode.swift; path = MarkDownBlogVC.swift; sourceTree = "<group>"; };
		A262CC252160D10E0050D6BC /* BlogListVC.swift */ = {isa = PBXFileReference; lastKnownFileType = sourcecode.swift; path = BlogListVC.swift; sourceTree = "<group>"; };
		A262CC272160DBDD0050D6BC /* BaseVC.swift */ = {isa = PBXFileReference; lastKnownFileType = sourcecode.swift; path = BaseVC.swift; sourceTree = "<group>"; };
		A262CC32216104520050D6BC /* index.html */ = {isa = PBXFileReference; fileEncoding = 4; lastKnownFileType = text.html; path = index.html; sourceTree = "<group>"; };
		A262CC33216104520050D6BC /* MarkdownView.swift */ = {isa = PBXFileReference; fileEncoding = 4; lastKnownFileType = sourcecode.swift; path = MarkdownView.swift; sourceTree = "<group>"; };
		A262CC34216104520050D6BC /* main.css */ = {isa = PBXFileReference; fileEncoding = 4; lastKnownFileType = text.css; path = main.css; sourceTree = "<group>"; };
		A262CC35216104520050D6BC /* main.js */ = {isa = PBXFileReference; fileEncoding = 4; lastKnownFileType = sourcecode.javascript; path = main.js; sourceTree = "<group>"; };
		A262CC4321646F620050D6BC /* MyBlogVC.swift */ = {isa = PBXFileReference; lastKnownFileType = sourcecode.swift; path = MyBlogVC.swift; sourceTree = "<group>"; };
		A27469B6216C63F00059E2C9 /* RunTimeVC.swift */ = {isa = PBXFileReference; lastKnownFileType = sourcecode.swift; path = RunTimeVC.swift; sourceTree = "<group>"; };
		A27469B8216C7A920059E2C9 /* ClosureVC.swift */ = {isa = PBXFileReference; lastKnownFileType = sourcecode.swift; path = ClosureVC.swift; sourceTree = "<group>"; };
		A2930B552104A08E006520FF /* Main.storyboard */ = {isa = PBXFileReference; fileEncoding = 4; lastKnownFileType = file.storyboard; path = Main.storyboard; sourceTree = "<group>"; };
		A2930B572104A08E006520FF /* LaunchScreen.storyboard */ = {isa = PBXFileReference; fileEncoding = 4; lastKnownFileType = file.storyboard; path = LaunchScreen.storyboard; sourceTree = "<group>"; };
		A2930B582104A08E006520FF /* Assets.xcassets */ = {isa = PBXFileReference; lastKnownFileType = folder.assetcatalog; path = Assets.xcassets; sourceTree = "<group>"; };
		A2930B592104A08E006520FF /* AppDelegate.swift */ = {isa = PBXFileReference; fileEncoding = 4; lastKnownFileType = sourcecode.swift; path = AppDelegate.swift; sourceTree = "<group>"; };
		A2930B5A2104A08E006520FF /* Info.plist */ = {isa = PBXFileReference; fileEncoding = 4; lastKnownFileType = text.plist.xml; path = Info.plist; sourceTree = "<group>"; };
		A2930B662104AF38006520FF /* MyInsight_Swift-Bridging-Header.h */ = {isa = PBXFileReference; lastKnownFileType = sourcecode.c.h; path = "MyInsight_Swift-Bridging-Header.h"; sourceTree = "<group>"; };
		A2930B6A2104AFBB006520FF /* MainRevealVC.swift */ = {isa = PBXFileReference; lastKnownFileType = sourcecode.swift; path = MainRevealVC.swift; sourceTree = "<group>"; };
		A2930B6C2104B00A006520FF /* RearRevealVC.swift */ = {isa = PBXFileReference; lastKnownFileType = sourcecode.swift; path = RearRevealVC.swift; sourceTree = "<group>"; };
		A2930B6E2104B01D006520FF /* RightRevealVC.swift */ = {isa = PBXFileReference; lastKnownFileType = sourcecode.swift; path = RightRevealVC.swift; sourceTree = "<group>"; };
		A2930B702104B068006520FF /* WelcomeVC.swift */ = {isa = PBXFileReference; lastKnownFileType = sourcecode.swift; path = WelcomeVC.swift; sourceTree = "<group>"; };
		A2930B722104B0BD006520FF /* TabBarVC.swift */ = {isa = PBXFileReference; lastKnownFileType = sourcecode.swift; path = TabBarVC.swift; sourceTree = "<group>"; };
		A2930B782104B171006520FF /* OtherVC.swift */ = {isa = PBXFileReference; lastKnownFileType = sourcecode.swift; path = OtherVC.swift; sourceTree = "<group>"; };
		A2930B7A2104B181006520FF /* SeniorVC.swift */ = {isa = PBXFileReference; lastKnownFileType = sourcecode.swift; path = SeniorVC.swift; sourceTree = "<group>"; };
		A2930B7C2104B192006520FF /* AdvanceVC.swift */ = {isa = PBXFileReference; lastKnownFileType = sourcecode.swift; path = AdvanceVC.swift; sourceTree = "<group>"; };
		A2930B7E2104B19F006520FF /* BasicVC.swift */ = {isa = PBXFileReference; lastKnownFileType = sourcecode.swift; path = BasicVC.swift; sourceTree = "<group>"; };
		A2930B802104B1D1006520FF /* CommonTool.swift */ = {isa = PBXFileReference; lastKnownFileType = sourcecode.swift; path = CommonTool.swift; sourceTree = "<group>"; };
		A2930B842105FF94006520FF /* RealmStore.swift */ = {isa = PBXFileReference; lastKnownFileType = sourcecode.swift; path = RealmStore.swift; sourceTree = "<group>"; };
		A2F8F0A0221EF0BF003F2945 /* AQRecorder.h */ = {isa = PBXFileReference; lastKnownFileType = sourcecode.c.h; path = AQRecorder.h; sourceTree = "<group>"; };
		A2F8F0A1221EF0BF003F2945 /* AQRecorder.m */ = {isa = PBXFileReference; lastKnownFileType = sourcecode.c.objc; path = AQRecorder.m; sourceTree = "<group>"; };
		A2F8F0A322216812003F2945 /* MLRecorder.h */ = {isa = PBXFileReference; lastKnownFileType = sourcecode.c.h; path = MLRecorder.h; sourceTree = "<group>"; };
		A2F8F0A422216812003F2945 /* MLRecorder.mm */ = {isa = PBXFileReference; lastKnownFileType = sourcecode.cpp.objcpp; path = MLRecorder.mm; sourceTree = "<group>"; };
		A2F8F0AC2222D149003F2945 /* XDXRecoder.h */ = {isa = PBXFileReference; fileEncoding = 4; lastKnownFileType = sourcecode.c.h; path = XDXRecoder.h; sourceTree = "<group>"; };
		A2F8F0AD2222D149003F2945 /* XDXRecoder.mm */ = {isa = PBXFileReference; fileEncoding = 4; lastKnownFileType = sourcecode.cpp.objcpp; path = XDXRecoder.mm; sourceTree = "<group>"; };
		A9CB2AFDBCE902DE69FFC3A4 /* Pods-MyInsight_SwiftUITests.debug.xcconfig */ = {isa = PBXFileReference; includeInIndex = 1; lastKnownFileType = text.xcconfig; name = "Pods-MyInsight_SwiftUITests.debug.xcconfig"; path = "Pods/Target Support Files/Pods-MyInsight_SwiftUITests/Pods-MyInsight_SwiftUITests.debug.xcconfig"; sourceTree = "<group>"; };
		ADB4EA70B82CF0E7F97618C5 /* Pods_MyInsight_SwiftUITests.framework */ = {isa = PBXFileReference; explicitFileType = wrapper.framework; includeInIndex = 0; path = Pods_MyInsight_SwiftUITests.framework; sourceTree = BUILT_PRODUCTS_DIR; };
		D75E0E3F706CCB45F5D2FA5A /* Pods-MyInsight_SwiftTests.release.xcconfig */ = {isa = PBXFileReference; includeInIndex = 1; lastKnownFileType = text.xcconfig; name = "Pods-MyInsight_SwiftTests.release.xcconfig"; path = "Pods/Target Support Files/Pods-MyInsight_SwiftTests/Pods-MyInsight_SwiftTests.release.xcconfig"; sourceTree = "<group>"; };
		E20CDF30223121A0002FA919 /* UnZipFileVC.swift */ = {isa = PBXFileReference; lastKnownFileType = sourcecode.swift; path = UnZipFileVC.swift; sourceTree = "<group>"; };
		E20CDF352231378A002FA919 /* SimplePing.h */ = {isa = PBXFileReference; fileEncoding = 4; lastKnownFileType = sourcecode.c.h; path = SimplePing.h; sourceTree = "<group>"; };
		E20CDF362231378A002FA919 /* SimplePing.m */ = {isa = PBXFileReference; fileEncoding = 4; lastKnownFileType = sourcecode.c.objc; path = SimplePing.m; sourceTree = "<group>"; };
		E20CDF382231383C002FA919 /* PingReachabilityVC.swift */ = {isa = PBXFileReference; lastKnownFileType = sourcecode.swift; path = PingReachabilityVC.swift; sourceTree = "<group>"; };
		E20E765122C301C800107BAA /* GCDGroupVC.swift */ = {isa = PBXFileReference; lastKnownFileType = sourcecode.swift; path = GCDGroupVC.swift; sourceTree = "<group>"; };
		E20F180B222FD20C00ECF51C /* AppBackgroundService.swift */ = {isa = PBXFileReference; lastKnownFileType = sourcecode.swift; path = AppBackgroundService.swift; sourceTree = "<group>"; };
		E210313521EC5A12006E6ED1 /* CameraFaceVC.swift */ = {isa = PBXFileReference; lastKnownFileType = sourcecode.swift; path = CameraFaceVC.swift; sourceTree = "<group>"; };
		E213162F225AFEAF0058674B /* CryptoAESVC.swift */ = {isa = PBXFileReference; lastKnownFileType = sourcecode.swift; path = CryptoAESVC.swift; sourceTree = "<group>"; };
		E215DF0122321FED00FF39EE /* weex_lan.zip */ = {isa = PBXFileReference; lastKnownFileType = archive.zip; path = weex_lan.zip; sourceTree = "<group>"; };
		E2183AA822363D7A00823240 /* LanAlamoFireVC.swift */ = {isa = PBXFileReference; lastKnownFileType = sourcecode.swift; path = LanAlamoFireVC.swift; sourceTree = "<group>"; };
		E220D104221F8C2B00C0F10B /* AQCapture.h */ = {isa = PBXFileReference; lastKnownFileType = sourcecode.c.h; path = AQCapture.h; sourceTree = "<group>"; };
		E220D105221F8C2B00C0F10B /* AQCapture.m */ = {isa = PBXFileReference; lastKnownFileType = sourcecode.c.objc; path = AQCapture.m; sourceTree = "<group>"; };
		E220D107221F94D900C0F10B /* EYRecord.h */ = {isa = PBXFileReference; lastKnownFileType = sourcecode.c.h; path = EYRecord.h; sourceTree = "<group>"; };
		E220D108221F94D900C0F10B /* EYRecord.m */ = {isa = PBXFileReference; lastKnownFileType = sourcecode.c.objc; path = EYRecord.m; sourceTree = "<group>"; };
		E220D10A221F99FB00C0F10B /* JWAudioRecode.m */ = {isa = PBXFileReference; fileEncoding = 4; lastKnownFileType = sourcecode.c.objc; path = JWAudioRecode.m; sourceTree = "<group>"; };
		E220D10B221F99FB00C0F10B /* AudioUnitRecord.m */ = {isa = PBXFileReference; fileEncoding = 4; lastKnownFileType = sourcecode.c.objc; path = AudioUnitRecord.m; sourceTree = "<group>"; };
		E220D10C221F99FB00C0F10B /* JWAudioRecode.h */ = {isa = PBXFileReference; fileEncoding = 4; lastKnownFileType = sourcecode.c.h; path = JWAudioRecode.h; sourceTree = "<group>"; };
		E220D10D221F99FB00C0F10B /* AudioUnitRecord.h */ = {isa = PBXFileReference; fileEncoding = 4; lastKnownFileType = sourcecode.c.h; path = AudioUnitRecord.h; sourceTree = "<group>"; };
		E220D110221FCBC900C0F10B /* QueuePlayer.h */ = {isa = PBXFileReference; lastKnownFileType = sourcecode.c.h; path = QueuePlayer.h; sourceTree = "<group>"; };
		E220D111221FCBC900C0F10B /* QueuePlayer.m */ = {isa = PBXFileReference; lastKnownFileType = sourcecode.c.objc; path = QueuePlayer.m; sourceTree = "<group>"; };
		E22D6A6E23137FB000537DA7 /* DatePickerVC.swift */ = {isa = PBXFileReference; lastKnownFileType = sourcecode.swift; path = DatePickerVC.swift; sourceTree = "<group>"; };
		E22D6A7023137FC700537DA7 /* TimePickerVC.swift */ = {isa = PBXFileReference; lastKnownFileType = sourcecode.swift; path = TimePickerVC.swift; sourceTree = "<group>"; };
		E23A5EFA22D5CD5D001F0AE7 /* WifiInfoVC.swift */ = {isa = PBXFileReference; lastKnownFileType = sourcecode.swift; path = WifiInfoVC.swift; sourceTree = "<group>"; };
		E23A5EFC22D5CF96001F0AE7 /* MyInsight_Swift.entitlements */ = {isa = PBXFileReference; lastKnownFileType = text.plist.entitlements; path = MyInsight_Swift.entitlements; sourceTree = "<group>"; };
		E2781A8221E8871C00AA2E05 /* VideoCaptureVC.swift */ = {isa = PBXFileReference; lastKnownFileType = sourcecode.swift; path = VideoCaptureVC.swift; sourceTree = "<group>"; };
		E283B81122367DB400568C9D /* PDFLoaderVC.swift */ = {isa = PBXFileReference; lastKnownFileType = sourcecode.swift; path = PDFLoaderVC.swift; sourceTree = "<group>"; };
		E290ED8A22E6D82F00BFF002 /* WeexModule.h */ = {isa = PBXFileReference; lastKnownFileType = sourcecode.c.h; path = WeexModule.h; sourceTree = "<group>"; };
		E290ED8B22E6D82F00BFF002 /* WeexModule.m */ = {isa = PBXFileReference; lastKnownFileType = sourcecode.c.objc; path = WeexModule.m; sourceTree = "<group>"; };
		E291C2F322CC89AB0022603D /* LoadGifVC.swift */ = {isa = PBXFileReference; lastKnownFileType = sourcecode.swift; path = LoadGifVC.swift; sourceTree = "<group>"; };
		E2A1D714221D64CB0085B0A3 /* AudioRecordVC.swift */ = {isa = PBXFileReference; lastKnownFileType = sourcecode.swift; path = AudioRecordVC.swift; sourceTree = "<group>"; };
		E2A5E604218853EE0081B454 /* Model.swift */ = {isa = PBXFileReference; lastKnownFileType = sourcecode.swift; path = Model.swift; sourceTree = "<group>"; };
		E2AF7063227703DD00451729 /* DataCrypto.swift */ = {isa = PBXFileReference; lastKnownFileType = sourcecode.swift; path = DataCrypto.swift; sourceTree = "<group>"; };
		E417E39331C1C2C2D15B4B0C /* Pods-MyInsight_SwiftUITests.release.xcconfig */ = {isa = PBXFileReference; includeInIndex = 1; lastKnownFileType = text.xcconfig; name = "Pods-MyInsight_SwiftUITests.release.xcconfig"; path = "Pods/Target Support Files/Pods-MyInsight_SwiftUITests/Pods-MyInsight_SwiftUITests.release.xcconfig"; sourceTree = "<group>"; };
/* End PBXFileReference section */

/* Begin PBXFrameworksBuildPhase section */
		A241BF6720FC78840099E8A5 /* Frameworks */ = {
			isa = PBXFrameworksBuildPhase;
			buildActionMask = 2147483647;
			files = (
				54F0EEDE1BBD82A319DED67B /* Pods_MyInsight_Swift.framework in Frameworks */,
			);
			runOnlyForDeploymentPostprocessing = 0;
		};
		A241BF7B20FC78860099E8A5 /* Frameworks */ = {
			isa = PBXFrameworksBuildPhase;
			buildActionMask = 2147483647;
			files = (
				5292E29C18A01D56A757542E /* Pods_MyInsight_SwiftTests.framework in Frameworks */,
			);
			runOnlyForDeploymentPostprocessing = 0;
		};
		A241BF8620FC78860099E8A5 /* Frameworks */ = {
			isa = PBXFrameworksBuildPhase;
			buildActionMask = 2147483647;
			files = (
				959EE1C5FEB44C844968DD51 /* Pods_MyInsight_SwiftUITests.framework in Frameworks */,
			);
			runOnlyForDeploymentPostprocessing = 0;
		};
/* End PBXFrameworksBuildPhase section */

/* Begin PBXGroup section */
		3A9C5D2CB70FC2AC315655B2 /* Pods */ = {
			isa = PBXGroup;
			children = (
				4714283B2CB4E060EE7E4350 /* Pods-MyInsight_Swift.debug.xcconfig */,
				1E6415C830F6854F3DABE9D2 /* Pods-MyInsight_Swift.release.xcconfig */,
				36525EF22A36FBEFFB360D5E /* Pods-MyInsight_SwiftTests.debug.xcconfig */,
				D75E0E3F706CCB45F5D2FA5A /* Pods-MyInsight_SwiftTests.release.xcconfig */,
				A9CB2AFDBCE902DE69FFC3A4 /* Pods-MyInsight_SwiftUITests.debug.xcconfig */,
				E417E39331C1C2C2D15B4B0C /* Pods-MyInsight_SwiftUITests.release.xcconfig */,
			);
			name = Pods;
			sourceTree = "<group>";
		};
		9A4AD4D0328DE534803E6134 /* Frameworks */ = {
			isa = PBXGroup;
			children = (
				509CB801DC923C2371A0BBEC /* Pods_MyInsight_Swift.framework */,
				6B695D4DDBCB11B8FBCA2795 /* Pods_MyInsight_SwiftTests.framework */,
				ADB4EA70B82CF0E7F97618C5 /* Pods_MyInsight_SwiftUITests.framework */,
			);
			name = Frameworks;
			sourceTree = "<group>";
		};
		A241BF6120FC78840099E8A5 = {
			isa = PBXGroup;
			children = (
				A241BF6C20FC78840099E8A5 /* MyInsight_Swift */,
				A241BF8120FC78860099E8A5 /* MyInsight_SwiftTests */,
				A241BF8C20FC78860099E8A5 /* MyInsight_SwiftUITests */,
				A241BF6B20FC78840099E8A5 /* Products */,
				3A9C5D2CB70FC2AC315655B2 /* Pods */,
				9A4AD4D0328DE534803E6134 /* Frameworks */,
			);
			sourceTree = "<group>";
		};
		A241BF6B20FC78840099E8A5 /* Products */ = {
			isa = PBXGroup;
			children = (
				A241BF6A20FC78840099E8A5 /* MyInsight_Swift.app */,
				A241BF7E20FC78860099E8A5 /* MyInsight_SwiftTests.xctest */,
				A241BF8920FC78860099E8A5 /* MyInsight_SwiftUITests.xctest */,
			);
			name = Products;
			sourceTree = "<group>";
		};
		A241BF6C20FC78840099E8A5 /* MyInsight_Swift */ = {
			isa = PBXGroup;
			children = (
				E23A5EFC22D5CF96001F0AE7 /* MyInsight_Swift.entitlements */,
				A2930B5B2104A08E006520FF /* General */,
				A2930B5C2104A08E006520FF /* UIFunction */,
				A2930B542104A08E006520FF /* StoryBoard */,
				A2930B532104A08E006520FF /* Vendors */,
				A2930B562104A08E006520FF /* SupportingFiles */,
			);
			path = MyInsight_Swift;
			sourceTree = "<group>";
		};
		A241BF8120FC78860099E8A5 /* MyInsight_SwiftTests */ = {
			isa = PBXGroup;
			children = (
				A241BF8220FC78860099E8A5 /* MyInsight_SwiftTests.swift */,
				A241BF8420FC78860099E8A5 /* Info.plist */,
			);
			path = MyInsight_SwiftTests;
			sourceTree = "<group>";
		};
		A241BF8C20FC78860099E8A5 /* MyInsight_SwiftUITests */ = {
			isa = PBXGroup;
			children = (
				A241BF8D20FC78860099E8A5 /* MyInsight_SwiftUITests.swift */,
				A241BF8F20FC78860099E8A5 /* Info.plist */,
			);
			path = MyInsight_SwiftUITests;
			sourceTree = "<group>";
		};
		A262CC29216101130050D6BC /* MarkdownView */ = {
			isa = PBXGroup;
			children = (
				A262CC32216104520050D6BC /* index.html */,
				A262CC34216104520050D6BC /* main.css */,
				A262CC35216104520050D6BC /* main.js */,
				A262CC33216104520050D6BC /* MarkdownView.swift */,
			);
			path = MarkdownView;
			sourceTree = "<group>";
		};
		A2930B532104A08E006520FF /* Vendors */ = {
			isa = PBXGroup;
			children = (
				A262CB552160C4B90050D6BC /* Vendors.swift */,
			);
			path = Vendors;
			sourceTree = "<group>";
		};
		A2930B542104A08E006520FF /* StoryBoard */ = {
			isa = PBXGroup;
			children = (
				A2930B552104A08E006520FF /* Main.storyboard */,
			);
			path = StoryBoard;
			sourceTree = "<group>";
		};
		A2930B562104A08E006520FF /* SupportingFiles */ = {
			isa = PBXGroup;
			children = (
				A2930B572104A08E006520FF /* LaunchScreen.storyboard */,
				A2930B582104A08E006520FF /* Assets.xcassets */,
				A2930B592104A08E006520FF /* AppDelegate.swift */,
				A2930B5A2104A08E006520FF /* Info.plist */,
				A2930B662104AF38006520FF /* MyInsight_Swift-Bridging-Header.h */,
			);
			path = SupportingFiles;
			sourceTree = "<group>";
		};
		A2930B5B2104A08E006520FF /* General */ = {
			isa = PBXGroup;
			children = (
				E20CDF342231378A002FA919 /* Common */,
				A262CC29216101130050D6BC /* MarkdownView */,
				A2930B802104B1D1006520FF /* CommonTool.swift */,
				A2930B842105FF94006520FF /* RealmStore.swift */,
				A262CC272160DBDD0050D6BC /* BaseVC.swift */,
				E20F180B222FD20C00ECF51C /* AppBackgroundService.swift */,
				E2A5E603218853950081B454 /* Model */,
			);
			path = General;
			sourceTree = "<group>";
		};
		A2930B5C2104A08E006520FF /* UIFunction */ = {
			isa = PBXGroup;
			children = (
				A2930B5D2104A08E006520FF /* Reveal */,
				A2930B5F2104A08E006520FF /* Function */,
			);
			path = UIFunction;
			sourceTree = "<group>";
		};
		A2930B5D2104A08E006520FF /* Reveal */ = {
			isa = PBXGroup;
			children = (
				A2930B6A2104AFBB006520FF /* MainRevealVC.swift */,
				A2930B6E2104B01D006520FF /* RightRevealVC.swift */,
				A2930B6C2104B00A006520FF /* RearRevealVC.swift */,
				A2930B702104B068006520FF /* WelcomeVC.swift */,
				A2930B722104B0BD006520FF /* TabBarVC.swift */,
			);
			path = Reveal;
			sourceTree = "<group>";
		};
		A2930B5F2104A08E006520FF /* Function */ = {
			isa = PBXGroup;
			children = (
				A2930B742104B150006520FF /* Basic */,
				A2930B762104B151006520FF /* Advance */,
				A2930B772104B151006520FF /* Senior */,
				A2930B752104B151006520FF /* Other */,
			);
			path = Function;
			sourceTree = "<group>";
		};
		A2930B742104B150006520FF /* Basic */ = {
			isa = PBXGroup;
			children = (
				A2930B7E2104B19F006520FF /* BasicVC.swift */,
				E20E765122C301C800107BAA /* GCDGroupVC.swift */,
				A27469B6216C63F00059E2C9 /* RunTimeVC.swift */,
				A27469B8216C7A920059E2C9 /* ClosureVC.swift */,
				A21C29D62250E75B00B401DE /* GRDBVC.swift */,
				E213162F225AFEAF0058674B /* CryptoAESVC.swift */,
				E2AF7063227703DD00451729 /* DataCrypto.swift */,
				A22F3EB02281B554007CE92C /* DataCryptoAES.swift */,
				E291C2F322CC89AB0022603D /* LoadGifVC.swift */,
				E23A5EFA22D5CD5D001F0AE7 /* WifiInfoVC.swift */,
				E22D6A6E23137FB000537DA7 /* DatePickerVC.swift */,
				E22D6A7023137FC700537DA7 /* TimePickerVC.swift */,
			);
			path = Basic;
			sourceTree = "<group>";
		};
		A2930B752104B151006520FF /* Other */ = {
			isa = PBXGroup;
			children = (
				A2930B782104B171006520FF /* OtherVC.swift */,
				A262CC252160D10E0050D6BC /* BlogListVC.swift */,
				A262CC4321646F620050D6BC /* MyBlogVC.swift */,
				A262CC232160D0C40050D6BC /* MarkDownBlogVC.swift */,
			);
			path = Other;
			sourceTree = "<group>";
		};
		A2930B762104B151006520FF /* Advance */ = {
			isa = PBXGroup;
			children = (
				A2930B7C2104B192006520FF /* AdvanceVC.swift */,
				E2781A8221E8871C00AA2E05 /* VideoCaptureVC.swift */,
				E210313521EC5A12006E6ED1 /* CameraFaceVC.swift */,
				E2A1D714221D64CB0085B0A3 /* AudioRecordVC.swift */,
				E20CDF30223121A0002FA919 /* UnZipFileVC.swift */,
				E2183AA822363D7A00823240 /* LanAlamoFireVC.swift */,
				E215DF0122321FED00FF39EE /* weex_lan.zip */,
				E20CDF382231383C002FA919 /* PingReachabilityVC.swift */,
				E283B81122367DB400568C9D /* PDFLoaderVC.swift */,
				E220D110221FCBC900C0F10B /* QueuePlayer.h */,
				E220D111221FCBC900C0F10B /* QueuePlayer.m */,
				A2F8F0A0221EF0BF003F2945 /* AQRecorder.h */,
				A2F8F0A1221EF0BF003F2945 /* AQRecorder.m */,
				E220D104221F8C2B00C0F10B /* AQCapture.h */,
				A2F8F0AC2222D149003F2945 /* XDXRecoder.h */,
				A2F8F0AD2222D149003F2945 /* XDXRecoder.mm */,
				A2F8F0A322216812003F2945 /* MLRecorder.h */,
				A2F8F0A422216812003F2945 /* MLRecorder.mm */,
				E220D10D221F99FB00C0F10B /* AudioUnitRecord.h */,
				E220D10B221F99FB00C0F10B /* AudioUnitRecord.m */,
				E220D10C221F99FB00C0F10B /* JWAudioRecode.h */,
				E220D10A221F99FB00C0F10B /* JWAudioRecode.m */,
				E220D105221F8C2B00C0F10B /* AQCapture.m */,
				E220D107221F94D900C0F10B /* EYRecord.h */,
				E220D108221F94D900C0F10B /* EYRecord.m */,
				E290ED8A22E6D82F00BFF002 /* WeexModule.h */,
				E290ED8B22E6D82F00BFF002 /* WeexModule.m */,
			);
			path = Advance;
			sourceTree = "<group>";
		};
		A2930B772104B151006520FF /* Senior */ = {
			isa = PBXGroup;
			children = (
				A2930B7A2104B181006520FF /* SeniorVC.swift */,
			);
			path = Senior;
			sourceTree = "<group>";
		};
		E20CDF342231378A002FA919 /* Common */ = {
			isa = PBXGroup;
			children = (
				E20CDF352231378A002FA919 /* SimplePing.h */,
				E20CDF362231378A002FA919 /* SimplePing.m */,
			);
			path = Common;
			sourceTree = "<group>";
		};
		E2A5E603218853950081B454 /* Model */ = {
			isa = PBXGroup;
			children = (
				E2A5E604218853EE0081B454 /* Model.swift */,
			);
			path = Model;
			sourceTree = "<group>";
		};
/* End PBXGroup section */

/* Begin PBXNativeTarget section */
		A241BF6920FC78840099E8A5 /* MyInsight_Swift */ = {
			isa = PBXNativeTarget;
			buildConfigurationList = A241BF9220FC78860099E8A5 /* Build configuration list for PBXNativeTarget "MyInsight_Swift" */;
			buildPhases = (
				F9CED16CAD3369D5F72B7D09 /* [CP] Check Pods Manifest.lock */,
				A241BF6620FC78840099E8A5 /* Sources */,
				A241BF6720FC78840099E8A5 /* Frameworks */,
				A241BF6820FC78840099E8A5 /* Resources */,
				004722699CFDCD3E18A2E9C9 /* [CP] Embed Pods Frameworks */,
				E2FE9A5521A0124200CFDBC9 /* Embed Frameworks */,
			);
			buildRules = (
			);
			dependencies = (
			);
			name = MyInsight_Swift;
			productName = MyInsight_Swift;
			productReference = A241BF6A20FC78840099E8A5 /* MyInsight_Swift.app */;
			productType = "com.apple.product-type.application";
		};
		A241BF7D20FC78860099E8A5 /* MyInsight_SwiftTests */ = {
			isa = PBXNativeTarget;
			buildConfigurationList = A241BF9520FC78860099E8A5 /* Build configuration list for PBXNativeTarget "MyInsight_SwiftTests" */;
			buildPhases = (
				E58A4CD41EAEE024CF500530 /* [CP] Check Pods Manifest.lock */,
				A241BF7A20FC78860099E8A5 /* Sources */,
				A241BF7B20FC78860099E8A5 /* Frameworks */,
				A241BF7C20FC78860099E8A5 /* Resources */,
			);
			buildRules = (
			);
			dependencies = (
				A241BF8020FC78860099E8A5 /* PBXTargetDependency */,
			);
			name = MyInsight_SwiftTests;
			productName = MyInsight_SwiftTests;
			productReference = A241BF7E20FC78860099E8A5 /* MyInsight_SwiftTests.xctest */;
			productType = "com.apple.product-type.bundle.unit-test";
		};
		A241BF8820FC78860099E8A5 /* MyInsight_SwiftUITests */ = {
			isa = PBXNativeTarget;
			buildConfigurationList = A241BF9820FC78860099E8A5 /* Build configuration list for PBXNativeTarget "MyInsight_SwiftUITests" */;
			buildPhases = (
				67157216CD9CA578B762FF49 /* [CP] Check Pods Manifest.lock */,
				A241BF8520FC78860099E8A5 /* Sources */,
				A241BF8620FC78860099E8A5 /* Frameworks */,
				A241BF8720FC78860099E8A5 /* Resources */,
			);
			buildRules = (
			);
			dependencies = (
				A241BF8B20FC78860099E8A5 /* PBXTargetDependency */,
			);
			name = MyInsight_SwiftUITests;
			productName = MyInsight_SwiftUITests;
			productReference = A241BF8920FC78860099E8A5 /* MyInsight_SwiftUITests.xctest */;
			productType = "com.apple.product-type.bundle.ui-testing";
		};
/* End PBXNativeTarget section */

/* Begin PBXProject section */
		A241BF6220FC78840099E8A5 /* Project object */ = {
			isa = PBXProject;
			attributes = {
				LastSwiftUpdateCheck = 0940;
				LastUpgradeCheck = 0940;
				ORGANIZATIONNAME = SongMengLong;
				TargetAttributes = {
					A241BF6920FC78840099E8A5 = {
						CreatedOnToolsVersion = 9.4.1;
						LastSwiftMigration = 1000;
						SystemCapabilities = {
							com.apple.AccessWiFi = {
								enabled = 1;
							};
							com.apple.BackgroundModes = {
								enabled = 1;
							};
						};
					};
					A241BF7D20FC78860099E8A5 = {
						CreatedOnToolsVersion = 9.4.1;
						LastSwiftMigration = 1000;
						TestTargetID = A241BF6920FC78840099E8A5;
					};
					A241BF8820FC78860099E8A5 = {
						CreatedOnToolsVersion = 9.4.1;
						LastSwiftMigration = 1000;
						TestTargetID = A241BF6920FC78840099E8A5;
					};
				};
			};
			buildConfigurationList = A241BF6520FC78840099E8A5 /* Build configuration list for PBXProject "MyInsight_Swift" */;
			compatibilityVersion = "Xcode 9.3";
			developmentRegion = en;
			hasScannedForEncodings = 0;
			knownRegions = (
				en,
				Base,
			);
			mainGroup = A241BF6120FC78840099E8A5;
			productRefGroup = A241BF6B20FC78840099E8A5 /* Products */;
			projectDirPath = "";
			projectRoot = "";
			targets = (
				A241BF6920FC78840099E8A5 /* MyInsight_Swift */,
				A241BF7D20FC78860099E8A5 /* MyInsight_SwiftTests */,
				A241BF8820FC78860099E8A5 /* MyInsight_SwiftUITests */,
			);
		};
/* End PBXProject section */

/* Begin PBXResourcesBuildPhase section */
		A241BF6820FC78840099E8A5 /* Resources */ = {
			isa = PBXResourcesBuildPhase;
			buildActionMask = 2147483647;
			files = (
				E215DF0222321FEE00FF39EE /* weex_lan.zip in Resources */,
				A262CC36216104520050D6BC /* index.html in Resources */,
				A2930B612104A08E006520FF /* Main.storyboard in Resources */,
				A262CC38216104520050D6BC /* main.css in Resources */,
				A262CC39216104520050D6BC /* main.js in Resources */,
				A2930B632104A08E006520FF /* Assets.xcassets in Resources */,
				A2930B622104A08E006520FF /* LaunchScreen.storyboard in Resources */,
			);
			runOnlyForDeploymentPostprocessing = 0;
		};
		A241BF7C20FC78860099E8A5 /* Resources */ = {
			isa = PBXResourcesBuildPhase;
			buildActionMask = 2147483647;
			files = (
			);
			runOnlyForDeploymentPostprocessing = 0;
		};
		A241BF8720FC78860099E8A5 /* Resources */ = {
			isa = PBXResourcesBuildPhase;
			buildActionMask = 2147483647;
			files = (
			);
			runOnlyForDeploymentPostprocessing = 0;
		};
/* End PBXResourcesBuildPhase section */

/* Begin PBXShellScriptBuildPhase section */
		004722699CFDCD3E18A2E9C9 /* [CP] Embed Pods Frameworks */ = {
			isa = PBXShellScriptBuildPhase;
			buildActionMask = 2147483647;
			files = (
			);
			inputPaths = (
				"${SRCROOT}/Pods/Target Support Files/Pods-MyInsight_Swift/Pods-MyInsight_Swift-frameworks.sh",
				"${BUILT_PRODUCTS_DIR}/AFNetworking/AFNetworking.framework",
				"${BUILT_PRODUCTS_DIR}/Alamofire/Alamofire.framework",
				"${BUILT_PRODUCTS_DIR}/CryptoSwift/CryptoSwift.framework",
				"${BUILT_PRODUCTS_DIR}/GRDB.swift/GRDB.framework",
				"${BUILT_PRODUCTS_DIR}/ILPDFKit/ILPDFKit.framework",
				"${BUILT_PRODUCTS_DIR}/Kingfisher/Kingfisher.framework",
				"${BUILT_PRODUCTS_DIR}/Realm/Realm.framework",
				"${BUILT_PRODUCTS_DIR}/RealmSwift/RealmSwift.framework",
				"${BUILT_PRODUCTS_DIR}/SDWebImage/SDWebImage.framework",
				"${BUILT_PRODUCTS_DIR}/SQLite.swift/SQLite.framework",
				"${BUILT_PRODUCTS_DIR}/SSZipArchive/SSZipArchive.framework",
				"${BUILT_PRODUCTS_DIR}/SWRevealViewController/SWRevealViewController.framework",
				"${BUILT_PRODUCTS_DIR}/SnapKit/SnapKit.framework",
				"${BUILT_PRODUCTS_DIR}/WeexSDK/WeexSDK.framework",
			);
			name = "[CP] Embed Pods Frameworks";
			outputPaths = (
				"${TARGET_BUILD_DIR}/${FRAMEWORKS_FOLDER_PATH}/AFNetworking.framework",
				"${TARGET_BUILD_DIR}/${FRAMEWORKS_FOLDER_PATH}/Alamofire.framework",
				"${TARGET_BUILD_DIR}/${FRAMEWORKS_FOLDER_PATH}/CryptoSwift.framework",
				"${TARGET_BUILD_DIR}/${FRAMEWORKS_FOLDER_PATH}/GRDB.framework",
				"${TARGET_BUILD_DIR}/${FRAMEWORKS_FOLDER_PATH}/ILPDFKit.framework",
				"${TARGET_BUILD_DIR}/${FRAMEWORKS_FOLDER_PATH}/Kingfisher.framework",
				"${TARGET_BUILD_DIR}/${FRAMEWORKS_FOLDER_PATH}/Realm.framework",
				"${TARGET_BUILD_DIR}/${FRAMEWORKS_FOLDER_PATH}/RealmSwift.framework",
				"${TARGET_BUILD_DIR}/${FRAMEWORKS_FOLDER_PATH}/SDWebImage.framework",
				"${TARGET_BUILD_DIR}/${FRAMEWORKS_FOLDER_PATH}/SQLite.framework",
				"${TARGET_BUILD_DIR}/${FRAMEWORKS_FOLDER_PATH}/SSZipArchive.framework",
				"${TARGET_BUILD_DIR}/${FRAMEWORKS_FOLDER_PATH}/SWRevealViewController.framework",
				"${TARGET_BUILD_DIR}/${FRAMEWORKS_FOLDER_PATH}/SnapKit.framework",
				"${TARGET_BUILD_DIR}/${FRAMEWORKS_FOLDER_PATH}/WeexSDK.framework",
			);
			runOnlyForDeploymentPostprocessing = 0;
			shellPath = /bin/sh;
			shellScript = "\"${SRCROOT}/Pods/Target Support Files/Pods-MyInsight_Swift/Pods-MyInsight_Swift-frameworks.sh\"\n";
			showEnvVarsInLog = 0;
		};
		67157216CD9CA578B762FF49 /* [CP] Check Pods Manifest.lock */ = {
			isa = PBXShellScriptBuildPhase;
			buildActionMask = 2147483647;
			files = (
			);
			inputPaths = (
				"${PODS_PODFILE_DIR_PATH}/Podfile.lock",
				"${PODS_ROOT}/Manifest.lock",
			);
			name = "[CP] Check Pods Manifest.lock";
			outputPaths = (
				"$(DERIVED_FILE_DIR)/Pods-MyInsight_SwiftUITests-checkManifestLockResult.txt",
			);
			runOnlyForDeploymentPostprocessing = 0;
			shellPath = /bin/sh;
			shellScript = "diff \"${PODS_PODFILE_DIR_PATH}/Podfile.lock\" \"${PODS_ROOT}/Manifest.lock\" > /dev/null\nif [ $? != 0 ] ; then\n    # print error to STDERR\n    echo \"error: The sandbox is not in sync with the Podfile.lock. Run 'pod install' or update your CocoaPods installation.\" >&2\n    exit 1\nfi\n# This output is used by Xcode 'outputs' to avoid re-running this script phase.\necho \"SUCCESS\" > \"${SCRIPT_OUTPUT_FILE_0}\"\n";
			showEnvVarsInLog = 0;
		};
		E58A4CD41EAEE024CF500530 /* [CP] Check Pods Manifest.lock */ = {
			isa = PBXShellScriptBuildPhase;
			buildActionMask = 2147483647;
			files = (
			);
			inputPaths = (
				"${PODS_PODFILE_DIR_PATH}/Podfile.lock",
				"${PODS_ROOT}/Manifest.lock",
			);
			name = "[CP] Check Pods Manifest.lock";
			outputPaths = (
				"$(DERIVED_FILE_DIR)/Pods-MyInsight_SwiftTests-checkManifestLockResult.txt",
			);
			runOnlyForDeploymentPostprocessing = 0;
			shellPath = /bin/sh;
			shellScript = "diff \"${PODS_PODFILE_DIR_PATH}/Podfile.lock\" \"${PODS_ROOT}/Manifest.lock\" > /dev/null\nif [ $? != 0 ] ; then\n    # print error to STDERR\n    echo \"error: The sandbox is not in sync with the Podfile.lock. Run 'pod install' or update your CocoaPods installation.\" >&2\n    exit 1\nfi\n# This output is used by Xcode 'outputs' to avoid re-running this script phase.\necho \"SUCCESS\" > \"${SCRIPT_OUTPUT_FILE_0}\"\n";
			showEnvVarsInLog = 0;
		};
		F9CED16CAD3369D5F72B7D09 /* [CP] Check Pods Manifest.lock */ = {
			isa = PBXShellScriptBuildPhase;
			buildActionMask = 2147483647;
			files = (
			);
			inputPaths = (
				"${PODS_PODFILE_DIR_PATH}/Podfile.lock",
				"${PODS_ROOT}/Manifest.lock",
			);
			name = "[CP] Check Pods Manifest.lock";
			outputPaths = (
				"$(DERIVED_FILE_DIR)/Pods-MyInsight_Swift-checkManifestLockResult.txt",
			);
			runOnlyForDeploymentPostprocessing = 0;
			shellPath = /bin/sh;
			shellScript = "diff \"${PODS_PODFILE_DIR_PATH}/Podfile.lock\" \"${PODS_ROOT}/Manifest.lock\" > /dev/null\nif [ $? != 0 ] ; then\n    # print error to STDERR\n    echo \"error: The sandbox is not in sync with the Podfile.lock. Run 'pod install' or update your CocoaPods installation.\" >&2\n    exit 1\nfi\n# This output is used by Xcode 'outputs' to avoid re-running this script phase.\necho \"SUCCESS\" > \"${SCRIPT_OUTPUT_FILE_0}\"\n";
			showEnvVarsInLog = 0;
		};
/* End PBXShellScriptBuildPhase section */

/* Begin PBXSourcesBuildPhase section */
		A241BF6620FC78840099E8A5 /* Sources */ = {
			isa = PBXSourcesBuildPhase;
			buildActionMask = 2147483647;
			files = (
				E20E765222C301C800107BAA /* GCDGroupVC.swift in Sources */,
				A21C29D72250E75B00B401DE /* GRDBVC.swift in Sources */,
				E2A1D715221D64CB0085B0A3 /* AudioRecordVC.swift in Sources */,
				A2F8F0A2221EF0BF003F2945 /* AQRecorder.m in Sources */,
				E2A5E605218853EE0081B454 /* Model.swift in Sources */,
				E220D106221F8C2B00C0F10B /* AQCapture.m in Sources */,
				E2781A8321E8871C00AA2E05 /* VideoCaptureVC.swift in Sources */,
				A262CC4421646F620050D6BC /* MyBlogVC.swift in Sources */,
				E2131630225AFEAF0058674B /* CryptoAESVC.swift in Sources */,
				A2930B812104B1D1006520FF /* CommonTool.swift in Sources */,
				A262CC37216104520050D6BC /* MarkdownView.swift in Sources */,
				A2930B792104B171006520FF /* OtherVC.swift in Sources */,
				E2AF7064227703DD00451729 /* DataCrypto.swift in Sources */,
				A2930B6F2104B01D006520FF /* RightRevealVC.swift in Sources */,
				E220D112221FCBC900C0F10B /* QueuePlayer.m in Sources */,
				A262CC262160D10E0050D6BC /* BlogListVC.swift in Sources */,
				E220D10E221F99FC00C0F10B /* JWAudioRecode.m in Sources */,
				A22F3EB12281B554007CE92C /* DataCryptoAES.swift in Sources */,
				A2F8F0AE2222D14A003F2945 /* XDXRecoder.mm in Sources */,
				E22D6A7123137FC700537DA7 /* TimePickerVC.swift in Sources */,
				A262CC242160D0C40050D6BC /* MarkDownBlogVC.swift in Sources */,
				E210313621EC5A12006E6ED1 /* CameraFaceVC.swift in Sources */,
				E23A5EFB22D5CD5D001F0AE7 /* WifiInfoVC.swift in Sources */,
				E291C2F422CC89AB0022603D /* LoadGifVC.swift in Sources */,
				A27469B7216C63F00059E2C9 /* RunTimeVC.swift in Sources */,
				E290ED8C22E6D82F00BFF002 /* WeexModule.m in Sources */,
				E220D109221F94D900C0F10B /* EYRecord.m in Sources */,
				A2930B7B2104B181006520FF /* SeniorVC.swift in Sources */,
				E20CDF31223121A0002FA919 /* UnZipFileVC.swift in Sources */,
				A2930B7F2104B19F006520FF /* BasicVC.swift in Sources */,
				A2930B712104B068006520FF /* WelcomeVC.swift in Sources */,
				A2F8F0A522216812003F2945 /* MLRecorder.mm in Sources */,
				A2930B7D2104B192006520FF /* AdvanceVC.swift in Sources */,
				A2930B642104A08E006520FF /* AppDelegate.swift in Sources */,
				A2930B852105FF94006520FF /* RealmStore.swift in Sources */,
				A262CC282160DBDD0050D6BC /* BaseVC.swift in Sources */,
				E22D6A6F23137FB000537DA7 /* DatePickerVC.swift in Sources */,
				E20CDF392231383C002FA919 /* PingReachabilityVC.swift in Sources */,
				E283B81222367DB400568C9D /* PDFLoaderVC.swift in Sources */,
				A27469B9216C7A920059E2C9 /* ClosureVC.swift in Sources */,
				A2930B6D2104B00A006520FF /* RearRevealVC.swift in Sources */,
				A2930B732104B0BE006520FF /* TabBarVC.swift in Sources */,
				E20F180C222FD20C00ECF51C /* AppBackgroundService.swift in Sources */,
				E2183AA922363D7A00823240 /* LanAlamoFireVC.swift in Sources */,
				A2930B6B2104AFBB006520FF /* MainRevealVC.swift in Sources */,
				A262CB562160C4B90050D6BC /* Vendors.swift in Sources */,
				E20CDF372231378A002FA919 /* SimplePing.m in Sources */,
				E220D10F221F99FC00C0F10B /* AudioUnitRecord.m in Sources */,
			);
			runOnlyForDeploymentPostprocessing = 0;
		};
		A241BF7A20FC78860099E8A5 /* Sources */ = {
			isa = PBXSourcesBuildPhase;
			buildActionMask = 2147483647;
			files = (
				A241BF8320FC78860099E8A5 /* MyInsight_SwiftTests.swift in Sources */,
			);
			runOnlyForDeploymentPostprocessing = 0;
		};
		A241BF8520FC78860099E8A5 /* Sources */ = {
			isa = PBXSourcesBuildPhase;
			buildActionMask = 2147483647;
			files = (
				A241BF8E20FC78860099E8A5 /* MyInsight_SwiftUITests.swift in Sources */,
			);
			runOnlyForDeploymentPostprocessing = 0;
		};
/* End PBXSourcesBuildPhase section */

/* Begin PBXTargetDependency section */
		A241BF8020FC78860099E8A5 /* PBXTargetDependency */ = {
			isa = PBXTargetDependency;
			target = A241BF6920FC78840099E8A5 /* MyInsight_Swift */;
			targetProxy = A241BF7F20FC78860099E8A5 /* PBXContainerItemProxy */;
		};
		A241BF8B20FC78860099E8A5 /* PBXTargetDependency */ = {
			isa = PBXTargetDependency;
			target = A241BF6920FC78840099E8A5 /* MyInsight_Swift */;
			targetProxy = A241BF8A20FC78860099E8A5 /* PBXContainerItemProxy */;
		};
/* End PBXTargetDependency section */

/* Begin XCBuildConfiguration section */
		A241BF9020FC78860099E8A5 /* Debug */ = {
			isa = XCBuildConfiguration;
			buildSettings = {
				ALWAYS_SEARCH_USER_PATHS = NO;
				CLANG_ANALYZER_NONNULL = YES;
				CLANG_ANALYZER_NUMBER_OBJECT_CONVERSION = YES_AGGRESSIVE;
				CLANG_CXX_LANGUAGE_STANDARD = "gnu++14";
				CLANG_CXX_LIBRARY = "libc++";
				CLANG_ENABLE_MODULES = YES;
				CLANG_ENABLE_OBJC_ARC = YES;
				CLANG_ENABLE_OBJC_WEAK = YES;
				CLANG_WARN_BLOCK_CAPTURE_AUTORELEASING = YES;
				CLANG_WARN_BOOL_CONVERSION = YES;
				CLANG_WARN_COMMA = YES;
				CLANG_WARN_CONSTANT_CONVERSION = YES;
				CLANG_WARN_DEPRECATED_OBJC_IMPLEMENTATIONS = YES;
				CLANG_WARN_DIRECT_OBJC_ISA_USAGE = YES_ERROR;
				CLANG_WARN_DOCUMENTATION_COMMENTS = YES;
				CLANG_WARN_EMPTY_BODY = YES;
				CLANG_WARN_ENUM_CONVERSION = YES;
				CLANG_WARN_INFINITE_RECURSION = YES;
				CLANG_WARN_INT_CONVERSION = YES;
				CLANG_WARN_NON_LITERAL_NULL_CONVERSION = YES;
				CLANG_WARN_OBJC_IMPLICIT_RETAIN_SELF = YES;
				CLANG_WARN_OBJC_LITERAL_CONVERSION = YES;
				CLANG_WARN_OBJC_ROOT_CLASS = YES_ERROR;
				CLANG_WARN_RANGE_LOOP_ANALYSIS = YES;
				CLANG_WARN_STRICT_PROTOTYPES = YES;
				CLANG_WARN_SUSPICIOUS_MOVE = YES;
				CLANG_WARN_UNGUARDED_AVAILABILITY = YES_AGGRESSIVE;
				CLANG_WARN_UNREACHABLE_CODE = YES;
				CLANG_WARN__DUPLICATE_METHOD_MATCH = YES;
				CODE_SIGN_IDENTITY = "iPhone Developer";
				COPY_PHASE_STRIP = NO;
				DEBUG_INFORMATION_FORMAT = dwarf;
				ENABLE_STRICT_OBJC_MSGSEND = YES;
				ENABLE_TESTABILITY = YES;
				GCC_C_LANGUAGE_STANDARD = gnu11;
				GCC_DYNAMIC_NO_PIC = NO;
				GCC_NO_COMMON_BLOCKS = YES;
				GCC_OPTIMIZATION_LEVEL = 0;
				GCC_PREPROCESSOR_DEFINITIONS = (
					"DEBUG=1",
					"$(inherited)",
				);
				GCC_WARN_64_TO_32_BIT_CONVERSION = YES;
				GCC_WARN_ABOUT_RETURN_TYPE = YES_ERROR;
				GCC_WARN_UNDECLARED_SELECTOR = YES;
				GCC_WARN_UNINITIALIZED_AUTOS = YES_AGGRESSIVE;
				GCC_WARN_UNUSED_FUNCTION = YES;
				GCC_WARN_UNUSED_VARIABLE = YES;
				IPHONEOS_DEPLOYMENT_TARGET = 11.4;
				MTL_ENABLE_DEBUG_INFO = YES;
				ONLY_ACTIVE_ARCH = YES;
				SDKROOT = iphoneos;
				SWIFT_ACTIVE_COMPILATION_CONDITIONS = DEBUG;
				SWIFT_OPTIMIZATION_LEVEL = "-Onone";
			};
			name = Debug;
		};
		A241BF9120FC78860099E8A5 /* Release */ = {
			isa = XCBuildConfiguration;
			buildSettings = {
				ALWAYS_SEARCH_USER_PATHS = NO;
				CLANG_ANALYZER_NONNULL = YES;
				CLANG_ANALYZER_NUMBER_OBJECT_CONVERSION = YES_AGGRESSIVE;
				CLANG_CXX_LANGUAGE_STANDARD = "gnu++14";
				CLANG_CXX_LIBRARY = "libc++";
				CLANG_ENABLE_MODULES = YES;
				CLANG_ENABLE_OBJC_ARC = YES;
				CLANG_ENABLE_OBJC_WEAK = YES;
				CLANG_WARN_BLOCK_CAPTURE_AUTORELEASING = YES;
				CLANG_WARN_BOOL_CONVERSION = YES;
				CLANG_WARN_COMMA = YES;
				CLANG_WARN_CONSTANT_CONVERSION = YES;
				CLANG_WARN_DEPRECATED_OBJC_IMPLEMENTATIONS = YES;
				CLANG_WARN_DIRECT_OBJC_ISA_USAGE = YES_ERROR;
				CLANG_WARN_DOCUMENTATION_COMMENTS = YES;
				CLANG_WARN_EMPTY_BODY = YES;
				CLANG_WARN_ENUM_CONVERSION = YES;
				CLANG_WARN_INFINITE_RECURSION = YES;
				CLANG_WARN_INT_CONVERSION = YES;
				CLANG_WARN_NON_LITERAL_NULL_CONVERSION = YES;
				CLANG_WARN_OBJC_IMPLICIT_RETAIN_SELF = YES;
				CLANG_WARN_OBJC_LITERAL_CONVERSION = YES;
				CLANG_WARN_OBJC_ROOT_CLASS = YES_ERROR;
				CLANG_WARN_RANGE_LOOP_ANALYSIS = YES;
				CLANG_WARN_STRICT_PROTOTYPES = YES;
				CLANG_WARN_SUSPICIOUS_MOVE = YES;
				CLANG_WARN_UNGUARDED_AVAILABILITY = YES_AGGRESSIVE;
				CLANG_WARN_UNREACHABLE_CODE = YES;
				CLANG_WARN__DUPLICATE_METHOD_MATCH = YES;
				CODE_SIGN_IDENTITY = "iPhone Developer";
				COPY_PHASE_STRIP = NO;
				DEBUG_INFORMATION_FORMAT = "dwarf-with-dsym";
				ENABLE_NS_ASSERTIONS = NO;
				ENABLE_STRICT_OBJC_MSGSEND = YES;
				GCC_C_LANGUAGE_STANDARD = gnu11;
				GCC_NO_COMMON_BLOCKS = YES;
				GCC_WARN_64_TO_32_BIT_CONVERSION = YES;
				GCC_WARN_ABOUT_RETURN_TYPE = YES_ERROR;
				GCC_WARN_UNDECLARED_SELECTOR = YES;
				GCC_WARN_UNINITIALIZED_AUTOS = YES_AGGRESSIVE;
				GCC_WARN_UNUSED_FUNCTION = YES;
				GCC_WARN_UNUSED_VARIABLE = YES;
				IPHONEOS_DEPLOYMENT_TARGET = 11.4;
				MTL_ENABLE_DEBUG_INFO = NO;
				SDKROOT = iphoneos;
				SWIFT_COMPILATION_MODE = wholemodule;
				SWIFT_OPTIMIZATION_LEVEL = "-O";
				VALIDATE_PRODUCT = YES;
			};
			name = Release;
		};
		A241BF9320FC78860099E8A5 /* Debug */ = {
			isa = XCBuildConfiguration;
			baseConfigurationReference = 4714283B2CB4E060EE7E4350 /* Pods-MyInsight_Swift.debug.xcconfig */;
			buildSettings = {
				ALWAYS_EMBED_SWIFT_STANDARD_LIBRARIES = YES;
				ASSETCATALOG_COMPILER_APPICON_NAME = AppIcon;
				CLANG_ENABLE_MODULES = YES;
				CODE_SIGN_ENTITLEMENTS = MyInsight_Swift/MyInsight_Swift.entitlements;
				CODE_SIGN_STYLE = Automatic;
				DEVELOPMENT_TEAM = LYW4U2TVKK;
				ENABLE_BITCODE = NO;
				INFOPLIST_FILE = "$(SRCROOT)/MyInsight_Swift/SupportingFiles/Info.plist";
				IPHONEOS_DEPLOYMENT_TARGET = 9.0;
				LD_RUNPATH_SEARCH_PATHS = (
					"$(inherited)",
					"@executable_path/Frameworks",
				);
				PRODUCT_BUNDLE_IDENTIFIER = "com.magnumsong.MyInsight-Swift";
				PRODUCT_NAME = "$(TARGET_NAME)";
				SWIFT_OBJC_BRIDGING_HEADER = "MyInsight_Swift/SupportingFiles/MyInsight_Swift-Bridging-Header.h";
				SWIFT_OPTIMIZATION_LEVEL = "-Onone";
				SWIFT_VERSION = 4.2;
				TARGETED_DEVICE_FAMILY = "1,2";
			};
			name = Debug;
		};
		A241BF9420FC78860099E8A5 /* Release */ = {
			isa = XCBuildConfiguration;
			baseConfigurationReference = 1E6415C830F6854F3DABE9D2 /* Pods-MyInsight_Swift.release.xcconfig */;
			buildSettings = {
				ALWAYS_EMBED_SWIFT_STANDARD_LIBRARIES = YES;
				ASSETCATALOG_COMPILER_APPICON_NAME = AppIcon;
				CLANG_ENABLE_MODULES = YES;
				CODE_SIGN_ENTITLEMENTS = MyInsight_Swift/MyInsight_Swift.entitlements;
				CODE_SIGN_STYLE = Automatic;
				DEVELOPMENT_TEAM = LYW4U2TVKK;
				ENABLE_BITCODE = NO;
				INFOPLIST_FILE = "$(SRCROOT)/MyInsight_Swift/SupportingFiles/Info.plist";
				IPHONEOS_DEPLOYMENT_TARGET = 9.0;
				LD_RUNPATH_SEARCH_PATHS = (
					"$(inherited)",
					"@executable_path/Frameworks",
				);
				PRODUCT_BUNDLE_IDENTIFIER = "com.magnumsong.MyInsight-Swift";
				PRODUCT_NAME = "$(TARGET_NAME)";
				SWIFT_OBJC_BRIDGING_HEADER = "MyInsight_Swift/SupportingFiles/MyInsight_Swift-Bridging-Header.h";
				SWIFT_VERSION = 4.2;
				TARGETED_DEVICE_FAMILY = "1,2";
			};
			name = Release;
		};
		A241BF9620FC78860099E8A5 /* Debug */ = {
			isa = XCBuildConfiguration;
			baseConfigurationReference = 36525EF22A36FBEFFB360D5E /* Pods-MyInsight_SwiftTests.debug.xcconfig */;
			buildSettings = {
				ALWAYS_EMBED_SWIFT_STANDARD_LIBRARIES = YES;
				BUNDLE_LOADER = "$(TEST_HOST)";
				CODE_SIGN_STYLE = Automatic;
				INFOPLIST_FILE = MyInsight_SwiftTests/Info.plist;
				LD_RUNPATH_SEARCH_PATHS = (
					"$(inherited)",
					"@executable_path/Frameworks",
					"@loader_path/Frameworks",
				);
				PRODUCT_BUNDLE_IDENTIFIER = "com.magnumsong.MyInsight-SwiftTests";
				PRODUCT_NAME = "$(TARGET_NAME)";
				SWIFT_VERSION = 4.2;
				TARGETED_DEVICE_FAMILY = "1,2";
				TEST_HOST = "$(BUILT_PRODUCTS_DIR)/MyInsight_Swift.app/MyInsight_Swift";
			};
			name = Debug;
		};
		A241BF9720FC78860099E8A5 /* Release */ = {
			isa = XCBuildConfiguration;
			baseConfigurationReference = D75E0E3F706CCB45F5D2FA5A /* Pods-MyInsight_SwiftTests.release.xcconfig */;
			buildSettings = {
				ALWAYS_EMBED_SWIFT_STANDARD_LIBRARIES = YES;
				BUNDLE_LOADER = "$(TEST_HOST)";
				CODE_SIGN_STYLE = Automatic;
				INFOPLIST_FILE = MyInsight_SwiftTests/Info.plist;
				LD_RUNPATH_SEARCH_PATHS = (
					"$(inherited)",
					"@executable_path/Frameworks",
					"@loader_path/Frameworks",
				);
				PRODUCT_BUNDLE_IDENTIFIER = "com.magnumsong.MyInsight-SwiftTests";
				PRODUCT_NAME = "$(TARGET_NAME)";
				SWIFT_VERSION = 4.2;
				TARGETED_DEVICE_FAMILY = "1,2";
				TEST_HOST = "$(BUILT_PRODUCTS_DIR)/MyInsight_Swift.app/MyInsight_Swift";
			};
			name = Release;
		};
		A241BF9920FC78860099E8A5 /* Debug */ = {
			isa = XCBuildConfiguration;
			baseConfigurationReference = A9CB2AFDBCE902DE69FFC3A4 /* Pods-MyInsight_SwiftUITests.debug.xcconfig */;
			buildSettings = {
				ALWAYS_EMBED_SWIFT_STANDARD_LIBRARIES = YES;
				CODE_SIGN_STYLE = Automatic;
				INFOPLIST_FILE = MyInsight_SwiftUITests/Info.plist;
				LD_RUNPATH_SEARCH_PATHS = (
					"$(inherited)",
					"@executable_path/Frameworks",
					"@loader_path/Frameworks",
				);
				PRODUCT_BUNDLE_IDENTIFIER = "com.magnumsong.MyInsight-SwiftUITests";
				PRODUCT_NAME = "$(TARGET_NAME)";
				SWIFT_VERSION = 4.2;
				TARGETED_DEVICE_FAMILY = "1,2";
				TEST_TARGET_NAME = MyInsight_Swift;
			};
			name = Debug;
		};
		A241BF9A20FC78860099E8A5 /* Release */ = {
			isa = XCBuildConfiguration;
			baseConfigurationReference = E417E39331C1C2C2D15B4B0C /* Pods-MyInsight_SwiftUITests.release.xcconfig */;
			buildSettings = {
				ALWAYS_EMBED_SWIFT_STANDARD_LIBRARIES = YES;
				CODE_SIGN_STYLE = Automatic;
				INFOPLIST_FILE = MyInsight_SwiftUITests/Info.plist;
				LD_RUNPATH_SEARCH_PATHS = (
					"$(inherited)",
					"@executable_path/Frameworks",
					"@loader_path/Frameworks",
				);
				PRODUCT_BUNDLE_IDENTIFIER = "com.magnumsong.MyInsight-SwiftUITests";
				PRODUCT_NAME = "$(TARGET_NAME)";
				SWIFT_VERSION = 4.2;
				TARGETED_DEVICE_FAMILY = "1,2";
				TEST_TARGET_NAME = MyInsight_Swift;
			};
			name = Release;
		};
/* End XCBuildConfiguration section */

/* Begin XCConfigurationList section */
		A241BF6520FC78840099E8A5 /* Build configuration list for PBXProject "MyInsight_Swift" */ = {
			isa = XCConfigurationList;
			buildConfigurations = (
				A241BF9020FC78860099E8A5 /* Debug */,
				A241BF9120FC78860099E8A5 /* Release */,
			);
			defaultConfigurationIsVisible = 0;
			defaultConfigurationName = Release;
		};
		A241BF9220FC78860099E8A5 /* Build configuration list for PBXNativeTarget "MyInsight_Swift" */ = {
			isa = XCConfigurationList;
			buildConfigurations = (
				A241BF9320FC78860099E8A5 /* Debug */,
				A241BF9420FC78860099E8A5 /* Release */,
			);
			defaultConfigurationIsVisible = 0;
			defaultConfigurationName = Release;
		};
		A241BF9520FC78860099E8A5 /* Build configuration list for PBXNativeTarget "MyInsight_SwiftTests" */ = {
			isa = XCConfigurationList;
			buildConfigurations = (
				A241BF9620FC78860099E8A5 /* Debug */,
				A241BF9720FC78860099E8A5 /* Release */,
			);
			defaultConfigurationIsVisible = 0;
			defaultConfigurationName = Release;
		};
		A241BF9820FC78860099E8A5 /* Build configuration list for PBXNativeTarget "MyInsight_SwiftUITests" */ = {
			isa = XCConfigurationList;
			buildConfigurations = (
				A241BF9920FC78860099E8A5 /* Debug */,
				A241BF9A20FC78860099E8A5 /* Release */,
			);
			defaultConfigurationIsVisible = 0;
			defaultConfigurationName = Release;
		};
/* End XCConfigurationList section */
	};
	rootObject = A241BF6220FC78840099E8A5 /* Project object */;
}
