PODS:
  - AFNetworking (3.2.1):
    - AFNetworking/NSURLSession (= 3.2.1)
    - AFNetworking/Reachability (= 3.2.1)
    - AFNetworking/Security (= 3.2.1)
    - AFNetworking/Serialization (= 3.2.1)
    - AFNetworking/UIKit (= 3.2.1)
  - AFNetworking/NSURLSession (3.2.1):
    - AFNetworking/Reachability
    - AFNetworking/Security
    - AFNetworking/Serialization
  - AFNetworking/Reachability (3.2.1)
  - AFNetworking/Security (3.2.1)
  - AFNetworking/Serialization (3.2.1)
  - AFNetworking/UIKit (3.2.1):
    - AFNetworking/NSURLSession
  - Alamofire (4.7.2)
  - CryptoSwift (0.13.1)
  - GRDB.swift (3.5.0)
  - ILPDFKit (1.2.5)
  - Kingfisher (4.10.1)
  - Realm (3.10.0):
    - Realm/Headers (= 3.10.0)
  - Realm/Headers (3.10.0)
  - RealmSwift (3.10.0):
    - Realm (= 3.10.0)
  - SDWebImage (5.0.3):
    - SDWebImage/Core (= 5.0.3)
  - SDWebImage/Core (5.0.3)
  - SnapKit (4.0.0)
  - SQLite.swift (0.11.5):
    - SQLite.swift/standard (= 0.11.5)
  - SQLite.swift/standard (0.11.5)
  - SSZipArchive (2.1.4)
  - SWRevealViewController (2.3.0)
  - WeexSDK (0.26.0)

DEPENDENCIES:
  - AFNetworking (~> 3.0)
  - Alamofire
  - CryptoSwift
  - GRDB.swift
  - ILPDFKit
  - Kingfisher
  - RealmSwift
  - SDWebImage
  - SnapKit
  - SQLite.swift
  - SSZipArchive
  - SWRevealViewController
  - WeexSDK

SPEC REPOS:
  https://github.com/cocoapods/specs.git:
    - AFNetworking
    - Alamofire
    - CryptoSwift
    - GRDB.swift
    - ILPDFKit
    - Kingfisher
    - Realm
    - RealmSwift
    - SDWebImage
    - SnapKit
    - SQLite.swift
    - SSZipArchive
    - SWRevealViewController
    - WeexSDK

SPEC CHECKSUMS:
  AFNetworking: b6f891fdfaed196b46c7a83cf209e09697b94057
  Alamofire: e4fa87002c137ba2d8d634d2c51fabcda0d5c223
  CryptoSwift: ff68c35a53e03177d31aaa2c1e8b3e010aeed6cb
  GRDB.swift: 225cf9c1354753e92e20c2a1fa2912b924c9da6e
  ILPDFKit: ccccf31fd5a7992275798bec02e055fdc39e3b14
  Kingfisher: c148cd7b47ebde9989f6bc7c27dcaa79d81279a0
  Realm: 85ab9e4f779d66f6e9ffeb118dc25b7f130c96ac
  RealmSwift: 69121c8b86d0ae005fb779efdb10e606732e1c74
  SDWebImage: d4f87d7d36c8a4d9f9459dc282e0caa057fdf935
  SnapKit: a42d492c16e80209130a3379f73596c3454b7694
  SQLite.swift: 6e5356850bb1791459f8c16d6ee9195b28714a2e
  SSZipArchive: 41455d4b8d2b6ab93990820b50dc697c2554a322
  SWRevealViewController: 6d3fd97f70112fd7cef9de14df4260eacce4c63a
  WeexSDK: 55b67d1c411eb28ec1e356f763a335d0ddcc5324

PODFILE CHECKSUM: 205dcf2815b1f0284fdc72bc1f1a8c4ce5583e21

COCOAPODS: 1.5.3
